
Microsoft Visual Studio Solution File, Format Version 12.00
# Visual Studio 15
VisualStudioVersion = 15.0.27703.2000
MinimumVisualStudioVersion = 10.0.40219.1
Project("{FAE04EC0-301F-11D3-BF4B-00C04F79EFBC}") = "Calcurator", "Calcurator\Calcurator.csproj", "{547C007A-FD27-44AA-8846-C13FF43655EC}"
EndProject
Global
	GlobalSection(SolutionConfigurationPlatforms) = preSolution
		Debug|Any CPU = Debug|Any CPU
		Release|Any CPU = Release|Any CPU
	EndGlobalSection
	GlobalSection(ProjectConfigurationPlatforms) = postSolution
		{547C007A-FD27-44AA-8846-C13FF43655EC}.Debug|Any CPU.ActiveCfg = Debug|Any CPU
		{547C007A-FD27-44AA-8846-C13FF43655EC}.Debug|Any CPU.Build.0 = Debug|Any CPU
		{547C007A-FD27-44AA-8846-C13FF43655EC}.Release|Any CPU.ActiveCfg = Release|Any CPU
		{547C007A-FD27-44AA-8846-C13FF43655EC}.Release|Any CPU.Build.0 = Release|Any CPU
	EndGlobalSection
	GlobalSection(SolutionProperties) = preSolution
		HideSolutionNode = FALSE
	EndGlobalSection
	GlobalSection(ExtensibilityGlobals) = postSolution
		SolutionGuid = {5BC4641C-9751-435F-9BA6-AD22B5FC53F4}
	EndGlobalSection
EndGlobal
